# THIS IS AN AUTOGENERATED FILE. DO NOT EDIT THIS FILE DIRECTLY.
# yarn lockfile v1


dhtmlx-gantt@^7.1.13:
  version "7.1.13"
  resolved "https://registry.yarnpkg.com/dhtmlx-gantt/-/dhtmlx-gantt-7.1.13.tgz#24e3c891dfb21d2e73a6637f4d8b82e3438a62f4"
  integrity sha512-PnVk6HI8LcOu1E6o9sJ5UpeWRiaXLnNa5t3i0oFPXPVkDrDyZdNr0KduryF45R7DWMSyMkxJ9RGJ+iUiqQCDhg==

react-icons@^4.8.0:
  version "4.8.0"
  resolved "https://registry.yarnpkg.com/react-icons/-/react-icons-4.8.0.tgz#621e900caa23b912f737e41be57f27f6b2bff445"
  integrity sha512-N6+kOLcihDiAnj5Czu637waJqSnwlMNROzVZMhfX68V/9bu9qHaMIJC4UdozWoOk57gahFCNHwVvWzm0MTzRjg==
